### YamlMime:PythonClass
uid: microsoft_teams.cards.core.RichTextBlock
name: RichTextBlock
fullName: microsoft_teams.cards.core.RichTextBlock
module: microsoft_teams.cards.core
summary: 'A rich text block that displays formatted text.


  Create a new model by parsing and validating input data from keyword arguments.


  Raises [*ValidationError*][pydantic_core.ValidationError] if the input data cannot
  be

  validated to form a valid model.


  *self* is explicitly positional-only to allow *self* as a field name.'
constructor:
  syntax: 'RichTextBlock(*, key: str | None = None, type: ~typing.Literal[''RichTextBlock'']
    = ''RichTextBlock'', id: str | None = None, requires: ~microsoft_teams.cards.core.HostCapabilities
    | ~typing.Dict[str, ~typing.Any] | None = <factory>, lang: str | None = None,
    isVisible: bool | None = True, separator: bool | None = False, height: ~typing.Literal[''auto'',
    ''stretch''] | None = ''auto'', horizontalAlignment: ~typing.Literal[''Left'',
    ''Center'', ''Right''] | None = None, spacing: ~typing.Literal[''None'', ''ExtraSmall'',
    ''Small'', ''Default'', ''Medium'', ''Large'', ''ExtraLarge'', ''Padding''] |
    None = ''Default'', targetWidth: ~typing.Literal[''VeryNarrow'', ''Narrow'', ''Standard'',
    ''Wide'', ''atLeast:VeryNarrow'', ''atMost:VeryNarrow'', ''atLeast:Narrow'', ''atMost:Narrow'',
    ''atLeast:Standard'', ''atMost:Standard'', ''atLeast:Wide'', ''atMost:Wide'']
    | None = None, isSortKey: bool | None = False, labelFor: str | None = None, gridArea:
    str | None = None, fallback: ~microsoft_teams.cards.core.CardElement | ~typing.Literal[''drop'']
    | None = None, inlines: ~typing.List[~microsoft_teams.cards.core.CardElement]
    | ~typing.List[str] | None = None, **extra_data: ~typing.Any)'
  keywordOnlyParameters:
  - name: key
    defaultValue: None
  - name: type
    defaultValue: RichTextBlock
  - name: id
    defaultValue: None
  - name: requires
    defaultValue: <factory>
  - name: lang
    defaultValue: None
  - name: isVisible
    defaultValue: 'True'
  - name: separator
    defaultValue: 'False'
  - name: height
    defaultValue: auto
  - name: horizontalAlignment
    defaultValue: None
  - name: spacing
    defaultValue: Default
  - name: targetWidth
    defaultValue: None
  - name: isSortKey
    defaultValue: 'False'
  - name: labelFor
    defaultValue: None
  - name: gridArea
    defaultValue: None
  - name: fallback
    defaultValue: None
  - name: inlines
    defaultValue: None
methods:
- uid: microsoft_teams.cards.core.RichTextBlock.with_fallback
  name: with_fallback
  signature: 'with_fallback(value: CardElement | Literal[''drop'']) -> Self'
  parameters:
  - name: value
    isRequired: true
- uid: microsoft_teams.cards.core.RichTextBlock.with_grid_area
  name: with_grid_area
  signature: 'with_grid_area(value: str) -> Self'
  parameters:
  - name: value
    isRequired: true
- uid: microsoft_teams.cards.core.RichTextBlock.with_height
  name: with_height
  signature: 'with_height(value: Literal[''auto'', ''stretch'']) -> Self'
  parameters:
  - name: value
    isRequired: true
- uid: microsoft_teams.cards.core.RichTextBlock.with_horizontal_alignment
  name: with_horizontal_alignment
  signature: 'with_horizontal_alignment(value: Literal[''Left'', ''Center'', ''Right''])
    -> Self'
  parameters:
  - name: value
    isRequired: true
- uid: microsoft_teams.cards.core.RichTextBlock.with_id
  name: with_id
  signature: 'with_id(value: str) -> Self'
  parameters:
  - name: value
    isRequired: true
- uid: microsoft_teams.cards.core.RichTextBlock.with_inlines
  name: with_inlines
  signature: 'with_inlines(value: List[CardElement] | List[str]) -> Self'
  parameters:
  - name: value
    isRequired: true
- uid: microsoft_teams.cards.core.RichTextBlock.with_is_sort_key
  name: with_is_sort_key
  signature: 'with_is_sort_key(value: bool) -> Self'
  parameters:
  - name: value
    isRequired: true
- uid: microsoft_teams.cards.core.RichTextBlock.with_is_visible
  name: with_is_visible
  signature: 'with_is_visible(value: bool) -> Self'
  parameters:
  - name: value
    isRequired: true
- uid: microsoft_teams.cards.core.RichTextBlock.with_key
  name: with_key
  signature: 'with_key(value: str) -> Self'
  parameters:
  - name: value
    isRequired: true
- uid: microsoft_teams.cards.core.RichTextBlock.with_label_for
  name: with_label_for
  signature: 'with_label_for(value: str) -> Self'
  parameters:
  - name: value
    isRequired: true
- uid: microsoft_teams.cards.core.RichTextBlock.with_lang
  name: with_lang
  signature: 'with_lang(value: str) -> Self'
  parameters:
  - name: value
    isRequired: true
- uid: microsoft_teams.cards.core.RichTextBlock.with_requires
  name: with_requires
  signature: 'with_requires(value: HostCapabilities | Dict[str, Any]) -> Self'
  parameters:
  - name: value
    isRequired: true
- uid: microsoft_teams.cards.core.RichTextBlock.with_separator
  name: with_separator
  signature: 'with_separator(value: bool) -> Self'
  parameters:
  - name: value
    isRequired: true
- uid: microsoft_teams.cards.core.RichTextBlock.with_spacing
  name: with_spacing
  signature: 'with_spacing(value: Literal[''None'', ''ExtraSmall'', ''Small'', ''Default'',
    ''Medium'', ''Large'', ''ExtraLarge'', ''Padding'']) -> Self'
  parameters:
  - name: value
    isRequired: true
- uid: microsoft_teams.cards.core.RichTextBlock.with_target_width
  name: with_target_width
  signature: 'with_target_width(value: Literal[''VeryNarrow'', ''Narrow'', ''Standard'',
    ''Wide'', ''atLeast:VeryNarrow'', ''atMost:VeryNarrow'', ''atLeast:Narrow'', ''atMost:Narrow'',
    ''atLeast:Standard'', ''atMost:Standard'', ''atLeast:Wide'', ''atMost:Wide''])
    -> Self'
  parameters:
  - name: value
    isRequired: true
attributes:
- uid: microsoft_teams.cards.core.RichTextBlock.fallback
  name: fallback
  summary: An alternate element to render if the type of this one is unsupported or
    if the host application doesn't support all the capabilities specified in the
    requires property.
  signature: 'fallback: CardElement | Literal[''drop''] | None'
- uid: microsoft_teams.cards.core.RichTextBlock.grid_area
  name: grid_area
  summary: The area of a Layout.AreaGrid layout in which an element should be displayed.
  signature: 'grid_area: str | None'
- uid: microsoft_teams.cards.core.RichTextBlock.height
  name: height
  summary: The height of the element. When set to stretch, the element will use the
    remaining vertical space in its container.
  signature: 'height: Literal[''auto'', ''stretch''] | None'
- uid: microsoft_teams.cards.core.RichTextBlock.horizontal_alignment
  name: horizontal_alignment
  summary: Controls how the element should be horizontally aligned.
  signature: 'horizontal_alignment: Literal[''Left'', ''Center'', ''Right''] | None'
- uid: microsoft_teams.cards.core.RichTextBlock.id
  name: id
  summary: A unique identifier for the element or action. Input elements must have
    an id, otherwise they will not be validated and their values will not be sent
    to the Bot.
  signature: 'id: str | None'
- uid: microsoft_teams.cards.core.RichTextBlock.inlines
  name: inlines
  summary: The inlines making up the rich text block.
  signature: 'inlines: List[CardElement] | List[str] | None'
- uid: microsoft_teams.cards.core.RichTextBlock.is_sort_key
  name: is_sort_key
  summary: Controls whether the element should be used as a sort key by elements that
    allow sorting across a collection of elements.
  signature: 'is_sort_key: bool | None'
- uid: microsoft_teams.cards.core.RichTextBlock.is_visible
  name: is_visible
  summary: Controls the visibility of the element.
  signature: 'is_visible: bool | None'
- uid: microsoft_teams.cards.core.RichTextBlock.key
  name: key
  summary: Defines an optional key for the object. Keys are seldom needed, but in
    some scenarios, specifying keys can help maintain visual state in the host application.
  signature: 'key: str | None'
- uid: microsoft_teams.cards.core.RichTextBlock.label_for
  name: label_for
  summary: The Id of the input the RichTextBlock should act as the label of.
  signature: 'label_for: str | None'
- uid: microsoft_teams.cards.core.RichTextBlock.lang
  name: lang
  summary: The locale associated with the element.
  signature: 'lang: str | None'
- uid: microsoft_teams.cards.core.RichTextBlock.model_config
  name: model_config
  summary: Configuration for the model, should be a dictionary conforming to [*ConfigDict*][pydantic.config.ConfigDict].
  signature: 'model_config: ClassVar[ConfigDict] = {''alias_generator'': AliasGenerator(alias=None,
    validation_alias=<staticmethod(<function SerializableObject.validation_alias_generator>)>,
    serialization_alias=<staticmethod(<function SerializableObject.serialization_alias_generator>)>),
    ''arbitrary_types_allowed'': True, ''extra'': ''allow'', ''populate_by_name'':
    True, ''serialize_by_alias'': True, ''validate_by_alias'': True, ''validate_by_name'':
    True}'
- uid: microsoft_teams.cards.core.RichTextBlock.requires
  name: requires
  summary: A list of capabilities the element requires the host application to support.
    If the host application doesn't support at least one of the listed capabilities,
    the element is not rendered (or its fallback is rendered if provided).
  signature: 'requires: HostCapabilities | Dict[str, Any] | None'
- uid: microsoft_teams.cards.core.RichTextBlock.separator
  name: separator
  summary: Controls whether a separator line should be displayed above the element
    to visually separate it from the previous element. No separator will be displayed
    for the first element in a container, even if this property is set to true.
  signature: 'separator: bool | None'
- uid: microsoft_teams.cards.core.RichTextBlock.spacing
  name: spacing
  summary: Controls the amount of space between this element and the previous one.
    No space will be added for the first element in a container.
  signature: 'spacing: Literal[''None'', ''ExtraSmall'', ''Small'', ''Default'', ''Medium'',
    ''Large'', ''ExtraLarge'', ''Padding''] | None'
- uid: microsoft_teams.cards.core.RichTextBlock.target_width
  name: target_width
  summary: responsive-layout).
  signature: 'target_width: Literal[''VeryNarrow'', ''Narrow'', ''Standard'', ''Wide'',
    ''atLeast:VeryNarrow'', ''atMost:VeryNarrow'', ''atLeast:Narrow'', ''atMost:Narrow'',
    ''atLeast:Standard'', ''atMost:Standard'', ''atLeast:Wide'', ''atMost:Wide'']
    | None'
- uid: microsoft_teams.cards.core.RichTextBlock.type
  name: type
  summary: Must be **RichTextBlock**.
  signature: 'type: Literal[''RichTextBlock'']'
